// !$*UTF8*$!
{
	archiveVersion = 1;
	classes = {
	};
	objectVersion = 50;
	objects = {

/* Begin PBXBuildFile section */
		A56A912C23D099C100302AEB /* AppDelegate.swift in Sources */ = {isa = PBXBuildFile; fileRef = A56A912B23D099C100302AEB /* AppDelegate.swift */; };
		A56A912E23D099C100302AEB /* SceneDelegate.swift in Sources */ = {isa = PBXBuildFile; fileRef = A56A912D23D099C100302AEB /* SceneDelegate.swift */; };
		A56A913023D099C100302AEB /* RecordSoundsViewController.swift in Sources */ = {isa = PBXBuildFile; fileRef = A56A912F23D099C100302AEB /* RecordSoundsViewController.swift */; };
		A56A913323D099C100302AEB /* Main.storyboard in Resources */ = {isa = PBXBuildFile; fileRef = A56A913123D099C100302AEB /* Main.storyboard */; };
		A56A913523D099C300302AEB /* Assets.xcassets in Resources */ = {isa = PBXBuildFile; fileRef = A56A913423D099C300302AEB /* Assets.xcassets */; };
		A56A913823D099C300302AEB /* LaunchScreen.storyboard in Resources */ = {isa = PBXBuildFile; fileRef = A56A913623D099C300302AEB /* LaunchScreen.storyboard */; };
		A56A914323D099C300302AEB /* PitchPerfectTests.swift in Sources */ = {isa = PBXBuildFile; fileRef = A56A914223D099C300302AEB /* PitchPerfectTests.swift */; };
		A56A914E23D099C300302AEB /* PitchPerfectUITests.swift in Sources */ = {isa = PBXBuildFile; fileRef = A56A914D23D099C300302AEB /* PitchPerfectUITests.swift */; };
		A5EF067E23D57BB0002BC0AF /* PlaySoundsViewController.swift in Sources */ = {isa = PBXBuildFile; fileRef = A5EF067D23D57BB0002BC0AF /* PlaySoundsViewController.swift */; };
		A5EF068223D6E43B002BC0AF /* PlaySoundsViewControllerAudio.swift in Sources */ = {isa = PBXBuildFile; fileRef = A5EF068123D6E43B002BC0AF /* PlaySoundsViewControllerAudio.swift */; };
/* End PBXBuildFile section */

/* Begin PBXContainerItemProxy section */
		A56A913F23D099C300302AEB /* PBXContainerItemProxy */ = {
			isa = PBXContainerItemProxy;
			containerPortal = A56A912023D099C100302AEB /* Project object */;
			proxyType = 1;
			remoteGlobalIDString = A56A912723D099C100302AEB;
			remoteInfo = PitchPerfect;
		};
		A56A914A23D099C300302AEB /* PBXContainerItemProxy */ = {
			isa = PBXContainerItemProxy;
			containerPortal = A56A912023D099C100302AEB /* Project object */;
			proxyType = 1;
			remoteGlobalIDString = A56A912723D099C100302AEB;
			remoteInfo = PitchPerfect;
		};
/* End PBXContainerItemProxy section */

/* Begin PBXFileReference section */
		A56A912823D099C100302AEB /* PitchPerfect.app */ = {isa = PBXFileReference; explicitFileType = wrapper.application; includeInIndex = 0; path = PitchPerfect.app; sourceTree = BUILT_PRODUCTS_DIR; };
		A56A912B23D099C100302AEB /* AppDelegate.swift */ = {isa = PBXFileReference; lastKnownFileType = sourcecode.swift; path = AppDelegate.swift; sourceTree = "<group>"; };
		A56A912D23D099C100302AEB /* SceneDelegate.swift */ = {isa = PBXFileReference; lastKnownFileType = sourcecode.swift; path = SceneDelegate.swift; sourceTree = "<group>"; };
		A56A912F23D099C100302AEB /* RecordSoundsViewController.swift */ = {isa = PBXFileReference; lastKnownFileType = sourcecode.swift; path = RecordSoundsViewController.swift; sourceTree = "<group>"; };
		A56A913223D099C100302AEB /* Base */ = {isa = PBXFileReference; lastKnownFileType = file.storyboard; name = Base; path = Base.lproj/Main.storyboard; sourceTree = "<group>"; };
		A56A913423D099C300302AEB /* Assets.xcassets */ = {isa = PBXFileReference; lastKnownFileType = folder.assetcatalog; path = Assets.xcassets; sourceTree = "<group>"; };
		A56A913723D099C300302AEB /* Base */ = {isa = PBXFileReference; lastKnownFileType = file.storyboard; name = Base; path = Base.lproj/LaunchScreen.storyboard; sourceTree = "<group>"; };
		A56A913923D099C300302AEB /* Info.plist */ = {isa = PBXFileReference; lastKnownFileType = text.plist.xml; path = Info.plist; sourceTree = "<group>"; };
		A56A913E23D099C300302AEB /* PitchPerfectTests.xctest */ = {isa = PBXFileReference; explicitFileType = wrapper.cfbundle; includeInIndex = 0; path = PitchPerfectTests.xctest; sourceTree = BUILT_PRODUCTS_DIR; };
		A56A914223D099C300302AEB /* PitchPerfectTests.swift */ = {isa = PBXFileReference; lastKnownFileType = sourcecode.swift; path = PitchPerfectTests.swift; sourceTree = "<group>"; };
		A56A914423D099C300302AEB /* Info.plist */ = {isa = PBXFileReference; lastKnownFileType = text.plist.xml; path = Info.plist; sourceTree = "<group>"; };
		A56A914923D099C300302AEB /* PitchPerfectUITests.xctest */ = {isa = PBXFileReference; explicitFileType = wrapper.cfbundle; includeInIndex = 0; path = PitchPerfectUITests.xctest; sourceTree = BUILT_PRODUCTS_DIR; };
		A56A914D23D099C300302AEB /* PitchPerfectUITests.swift */ = {isa = PBXFileReference; lastKnownFileType = sourcecode.swift; path = PitchPerfectUITests.swift; sourceTree = "<group>"; };
		A56A914F23D099C300302AEB /* Info.plist */ = {isa = PBXFileReference; lastKnownFileType = text.plist.xml; path = Info.plist; sourceTree = "<group>"; };
		A5EF067D23D57BB0002BC0AF /* PlaySoundsViewController.swift */ = {isa = PBXFileReference; lastKnownFileType = sourcecode.swift; path = PlaySoundsViewController.swift; sourceTree = "<group>"; };
		A5EF068123D6E43B002BC0AF /* PlaySoundsViewControllerAudio.swift */ = {isa = PBXFileReference; fileEncoding = 4; lastKnownFileType = sourcecode.swift; path = PlaySoundsViewControllerAudio.swift; sourceTree = "<group>"; };
/* End PBXFileReference section */

/* Begin PBXFrameworksBuildPhase section */
		A56A912523D099C100302AEB /* Frameworks */ = {
			isa = PBXFrameworksBuildPhase;
			buildActionMask = 2147483647;
			files = (
			);
			runOnlyForDeploymentPostprocessing = 0;
		};
		A56A913B23D099C300302AEB /* Frameworks */ = {
			isa = PBXFrameworksBuildPhase;
			buildActionMask = 2147483647;
			files = (
			);
			runOnlyForDeploymentPostprocessing = 0;
		};
		A56A914623D099C300302AEB /* Frameworks */ = {
			isa = PBXFrameworksBuildPhase;
			buildActionMask = 2147483647;
			files = (
			);
			runOnlyForDeploymentPostprocessing = 0;
		};
/* End PBXFrameworksBuildPhase section */

/* Begin PBXGroup section */
		A56A911F23D099C100302AEB = {
			isa = PBXGroup;
			children = (
				A56A912A23D099C100302AEB /* PitchPerfect */,
				A56A914123D099C300302AEB /* PitchPerfectTests */,
				A56A914C23D099C300302AEB /* PitchPerfectUITests */,
				A56A912923D099C100302AEB /* Products */,
			);
			sourceTree = "<group>";
		};
		A56A912923D099C100302AEB /* Products */ = {
			isa = PBXGroup;
			children = (
				A56A912823D099C100302AEB /* PitchPerfect.app */,
				A56A913E23D099C300302AEB /* PitchPerfectTests.xctest */,
				A56A914923D099C300302AEB /* PitchPerfectUITests.xctest */,
			);
			name = Products;
			sourceTree = "<group>";
		};
		A56A912A23D099C100302AEB /* PitchPerfect */ = {
			isa = PBXGroup;
			children = (
				A56A912B23D099C100302AEB /* AppDelegate.swift */,
				A56A912D23D099C100302AEB /* SceneDelegate.swift */,
				A56A912F23D099C100302AEB /* RecordSoundsViewController.swift */,
				A56A913123D099C100302AEB /* Main.storyboard */,
				A56A913423D099C300302AEB /* Assets.xcassets */,
				A56A913623D099C300302AEB /* LaunchScreen.storyboard */,
				A56A913923D099C300302AEB /* Info.plist */,
				A5EF067D23D57BB0002BC0AF /* PlaySoundsViewController.swift */,
				A5EF068123D6E43B002BC0AF /* PlaySoundsViewControllerAudio.swift */,
			);
			path = PitchPerfect;
			sourceTree = "<group>";
		};
		A56A914123D099C300302AEB /* PitchPerfectTests */ = {
			isa = PBXGroup;
			children = (
				A56A914223D099C300302AEB /* PitchPerfectTests.swift */,
				A56A914423D099C300302AEB /* Info.plist */,
			);
			path = PitchPerfectTests;
			sourceTree = "<group>";
		};
		A56A914C23D099C300302AEB /* PitchPerfectUITests */ = {
			isa = PBXGroup;
			children = (
				A56A914D23D099C300302AEB /* PitchPerfectUITests.swift */,
				A56A914F23D099C300302AEB /* Info.plist */,
			);
			path = PitchPerfectUITests;
			sourceTree = "<group>";
		};
/* End PBXGroup section */

/* Begin PBXNativeTarget section */
		A56A912723D099C100302AEB /* PitchPerfect */ = {
			isa = PBXNativeTarget;
			buildConfigurationList = A56A915223D099C300302AEB /* Build configuration list for PBXNativeTarget "PitchPerfect" */;
			buildPhases = (
				A56A912423D099C100302AEB /* Sources */,
				A56A912523D099C100302AEB /* Frameworks */,
				A56A912623D099C100302AEB /* Resources */,
			);
			buildRules = (
			);
			dependencies = (
			);
			name = PitchPerfect;
			productName = PitchPerfect;
			productReference = A56A912823D099C100302AEB /* PitchPerfect.app */;
			productType = "com.apple.product-type.application";
		};
		A56A913D23D099C300302AEB /* PitchPerfectTests */ = {
			isa = PBXNativeTarget;
			buildConfigurationList = A56A915523D099C300302AEB /* Build configuration list for PBXNativeTarget "PitchPerfectTests" */;
			buildPhases = (
				A56A913A23D099C300302AEB /* Sources */,
				A56A913B23D099C300302AEB /* Frameworks */,
				A56A913C23D099C300302AEB /* Resources */,
			);
			buildRules = (
			);
			dependencies = (
				A56A914023D099C300302AEB /* PBXTargetDependency */,
			);
			name = PitchPerfectTests;
			productName = PitchPerfectTests;
			productReference = A56A913E23D099C300302AEB /* PitchPerfectTests.xctest */;
			productType = "com.apple.product-type.bundle.unit-test";
		};
		A56A914823D099C300302AEB /* PitchPerfectUITests */ = {
			isa = PBXNativeTarget;
			buildConfigurationList = A56A915823D099C300302AEB /* Build configuration list for PBXNativeTarget "PitchPerfectUITests" */;
			buildPhases = (
				A56A914523D099C300302AEB /* Sources */,
				A56A914623D099C300302AEB /* Frameworks */,
				A56A914723D099C300302AEB /* Resources */,
			);
			buildRules = (
			);
			dependencies = (
				A56A914B23D099C300302AEB /* PBXTargetDependency */,
			);
			name = PitchPerfectUITests;
			productName = PitchPerfectUITests;
			productReference = A56A914923D099C300302AEB /* PitchPerfectUITests.xctest */;
			productType = "com.apple.product-type.bundle.ui-testing";
		};
/* End PBXNativeTarget section */

/* Begin PBXProject section */
		A56A912023D099C100302AEB /* Project object */ = {
			isa = PBXProject;
			attributes = {
				LastSwiftUpdateCheck = 1130;
				LastUpgradeCheck = 1130;
				ORGANIZATIONNAME = NoorifyTech;
				TargetAttributes = {
					A56A912723D099C100302AEB = {
						CreatedOnToolsVersion = 11.3.1;
					};
					A56A913D23D099C300302AEB = {
						CreatedOnToolsVersion = 11.3.1;
						TestTargetID = A56A912723D099C100302AEB;
					};
					A56A914823D099C300302AEB = {
						CreatedOnToolsVersion = 11.3.1;
						TestTargetID = A56A912723D099C100302AEB;
					};
				};
			};
			buildConfigurationList = A56A912323D099C100302AEB /* Build configuration list for PBXProject "PitchPerfect" */;
			compatibilityVersion = "Xcode 9.3";
			developmentRegion = en;
			hasScannedForEncodings = 0;
			knownRegions = (
				en,
				Base,
			);
			mainGroup = A56A911F23D099C100302AEB;
			productRefGroup = A56A912923D099C100302AEB /* Products */;
			projectDirPath = "";
			projectRoot = "";
			targets = (
				A56A912723D099C100302AEB /* PitchPerfect */,
				A56A913D23D099C300302AEB /* PitchPerfectTests */,
				A56A914823D099C300302AEB /* PitchPerfectUITests */,
			);
		};
/* End PBXProject section */

/* Begin PBXResourcesBuildPhase section */
		A56A912623D099C100302AEB /* Resources */ = {
			isa = PBXResourcesBuildPhase;
			buildActionMask = 2147483647;
			files = (
				A56A913823D099C300302AEB /* LaunchScreen.storyboard in Resources */,
				A56A913523D099C300302AEB /* Assets.xcassets in Resources */,
				A56A913323D099C100302AEB /* Main.storyboard in Resources */,
			);
			runOnlyForDeploymentPostprocessing = 0;
		};
		A56A913C23D099C300302AEB /* Resources */ = {
			isa = PBXResourcesBuildPhase;
			buildActionMask = 2147483647;
			files = (
			);
			runOnlyForDeploymentPostprocessing = 0;
		};
		A56A914723D099C300302AEB /* Resources */ = {
			isa = PBXResourcesBuildPhase;
			buildActionMask = 2147483647;
			files = (
			);
			runOnlyForDeploymentPostprocessing = 0;
		};
/* End PBXResourcesBuildPhase section */

/* Begin PBXSourcesBuildPhase section */
		A56A912423D099C100302AEB /* Sources */ = {
			isa = PBXSourcesBuildPhase;
			buildActionMask = 2147483647;
			files = (
				A56A913023D099C100302AEB /* RecordSoundsViewController.swift in Sources */,
				A56A912C23D099C100302AEB /* AppDelegate.swift in Sources */,
				A5EF067E23D57BB0002BC0AF /* PlaySoundsViewController.swift in Sources */,
				A56A912E23D099C100302AEB /* SceneDelegate.swift in Sources */,
				A5EF068223D6E43B002BC0AF /* PlaySoundsViewControllerAudio.swift in Sources */,
			);
			runOnlyForDeploymentPostprocessing = 0;
		};
		A56A913A23D099C300302AEB /* Sources */ = {
			isa = PBXSourcesBuildPhase;
			buildActionMask = 2147483647;
			files = (
				A56A914323D099C300302AEB /* PitchPerfectTests.swift in Sources */,
			);
			runOnlyForDeploymentPostprocessing = 0;
		};
		A56A914523D099C300302AEB /* Sources */ = {
			isa = PBXSourcesBuildPhase;
			buildActionMask = 2147483647;
			files = (
				A56A914E23D099C300302AEB /* PitchPerfectUITests.swift in Sources */,
			);
			runOnlyForDeploymentPostprocessing = 0;
		};
/* End PBXSourcesBuildPhase section */

/* Begin PBXTargetDependency section */
		A56A914023D099C300302AEB /* PBXTargetDependency */ = {
			isa = PBXTargetDependency;
			target = A56A912723D099C100302AEB /* PitchPerfect */;
			targetProxy = A56A913F23D099C300302AEB /* PBXContainerItemProxy */;
		};
		A56A914B23D099C300302AEB /* PBXTargetDependency */ = {
			isa = PBXTargetDependency;
			target = A56A912723D099C100302AEB /* PitchPerfect */;
			targetProxy = A56A914A23D099C300302AEB /* PBXContainerItemProxy */;
		};
/* End PBXTargetDependency section */

/* Begin PBXVariantGroup section */
		A56A913123D099C100302AEB /* Main.storyboard */ = {
			isa = PBXVariantGroup;
			children = (
				A56A913223D099C100302AEB /* Base */,
			);
			name = Main.storyboard;
			sourceTree = "<group>";
		};
		A56A913623D099C300302AEB /* LaunchScreen.storyboard */ = {
			isa = PBXVariantGroup;
			children = (
				A56A913723D099C300302AEB /* Base */,
			);
			name = LaunchScreen.storyboard;
			sourceTree = "<group>";
		};
/* End PBXVariantGroup section */

/* Begin XCBuildConfiguration section */
		A56A915023D099C300302AEB /* Debug */ = {
			isa = XCBuildConfiguration;
			buildSettings = {
				ALWAYS_SEARCH_USER_PATHS = NO;
				CLANG_ANALYZER_NONNULL = YES;
				CLANG_ANALYZER_NUMBER_OBJECT_CONVERSION = YES_AGGRESSIVE;
				CLANG_CXX_LANGUAGE_STANDARD = "gnu++14";
				CLANG_CXX_LIBRARY = "libc++";
				CLANG_ENABLE_MODULES = YES;
				CLANG_ENABLE_OBJC_ARC = YES;
				CLANG_ENABLE_OBJC_WEAK = YES;
				CLANG_WARN_BLOCK_CAPTURE_AUTORELEASING = YES;
				CLANG_WARN_BOOL_CONVERSION = YES;
				CLANG_WARN_COMMA = YES;
				CLANG_WARN_CONSTANT_CONVERSION = YES;
				CLANG_WARN_DEPRECATED_OBJC_IMPLEMENTATIONS = YES;
				CLANG_WARN_DIRECT_OBJC_ISA_USAGE = YES_ERROR;
				CLANG_WARN_DOCUMENTATION_COMMENTS = YES;
				CLANG_WARN_EMPTY_BODY = YES;
				CLANG_WARN_ENUM_CONVERSION = YES;
				CLANG_WARN_INFINITE_RECURSION = YES;
				CLANG_WARN_INT_CONVERSION = YES;
				CLANG_WARN_NON_LITERAL_NULL_CONVERSION = YES;
				CLANG_WARN_OBJC_IMPLICIT_RETAIN_SELF = YES;
				CLANG_WARN_OBJC_LITERAL_CONVERSION = YES;
				CLANG_WARN_OBJC_ROOT_CLASS = YES_ERROR;
				CLANG_WARN_RANGE_LOOP_ANALYSIS = YES;
				CLANG_WARN_STRICT_PROTOTYPES = YES;
				CLANG_WARN_SUSPICIOUS_MOVE = YES;
				CLANG_WARN_UNGUARDED_AVAILABILITY = YES_AGGRESSIVE;
				CLANG_WARN_UNREACHABLE_CODE = YES;
				CLANG_WARN__DUPLICATE_METHOD_MATCH = YES;
				COPY_PHASE_STRIP = NO;
				DEBUG_INFORMATION_FORMAT = dwarf;
				ENABLE_STRICT_OBJC_MSGSEND = YES;
				ENABLE_TESTABILITY = YES;
				GCC_C_LANGUAGE_STANDARD = gnu11;
				GCC_DYNAMIC_NO_PIC = NO;
				GCC_NO_COMMON_BLOCKS = YES;
				GCC_OPTIMIZATION_LEVEL = 0;
				GCC_PREPROCESSOR_DEFINITIONS = (
					"DEBUG=1",
					"$(inherited)",
				);
				GCC_WARN_64_TO_32_BIT_CONVERSION = YES;
				GCC_WARN_ABOUT_RETURN_TYPE = YES_ERROR;
				GCC_WARN_UNDECLARED_SELECTOR = YES;
				GCC_WARN_UNINITIALIZED_AUTOS = YES_AGGRESSIVE;
				GCC_WARN_UNUSED_FUNCTION = YES;
				GCC_WARN_UNUSED_VARIABLE = YES;
				IPHONEOS_DEPLOYMENT_TARGET = 13.2;
				MTL_ENABLE_DEBUG_INFO = INCLUDE_SOURCE;
				MTL_FAST_MATH = YES;
				ONLY_ACTIVE_ARCH = YES;
				SDKROOT = iphoneos;
				SWIFT_ACTIVE_COMPILATION_CONDITIONS = DEBUG;
				SWIFT_OPTIMIZATION_LEVEL = "-Onone";
			};
			name = Debug;
		};
		A56A915123D099C300302AEB /* Release */ = {
			isa = XCBuildConfiguration;
			buildSettings = {
				ALWAYS_SEARCH_USER_PATHS = NO;
				CLANG_ANALYZER_NONNULL = YES;
				CLANG_ANALYZER_NUMBER_OBJECT_CONVERSION = YES_AGGRESSIVE;
				CLANG_CXX_LANGUAGE_STANDARD = "gnu++14";
				CLANG_CXX_LIBRARY = "libc++";
				CLANG_ENABLE_MODULES = YES;
				CLANG_ENABLE_OBJC_ARC = YES;
				CLANG_ENABLE_OBJC_WEAK = YES;
				CLANG_WARN_BLOCK_CAPTURE_AUTORELEASING = YES;
				CLANG_WARN_BOOL_CONVERSION = YES;
				CLANG_WARN_COMMA = YES;
				CLANG_WARN_CONSTANT_CONVERSION = YES;
				CLANG_WARN_DEPRECATED_OBJC_IMPLEMENTATIONS = YES;
				CLANG_WARN_DIRECT_OBJC_ISA_USAGE = YES_ERROR;
				CLANG_WARN_DOCUMENTATION_COMMENTS = YES;
				CLANG_WARN_EMPTY_BODY = YES;
				CLANG_WARN_ENUM_CONVERSION = YES;
				CLANG_WARN_INFINITE_RECURSION = YES;
				CLANG_WARN_INT_CONVERSION = YES;
				CLANG_WARN_NON_LITERAL_NULL_CONVERSION = YES;
				CLANG_WARN_OBJC_IMPLICIT_RETAIN_SELF = YES;
				CLANG_WARN_OBJC_LITERAL_CONVERSION = YES;
				CLANG_WARN_OBJC_ROOT_CLASS = YES_ERROR;
				CLANG_WARN_RANGE_LOOP_ANALYSIS = YES;
				CLANG_WARN_STRICT_PROTOTYPES = YES;
				CLANG_WARN_SUSPICIOUS_MOVE = YES;
				CLANG_WARN_UNGUARDED_AVAILABILITY = YES_AGGRESSIVE;
				CLANG_WARN_UNREACHABLE_CODE = YES;
				CLANG_WARN__DUPLICATE_METHOD_MATCH = YES;
				COPY_PHASE_STRIP = NO;
				DEBUG_INFORMATION_FORMAT = "dwarf-with-dsym";
				ENABLE_NS_ASSERTIONS = NO;
				ENABLE_STRICT_OBJC_MSGSEND = YES;
				GCC_C_LANGUAGE_STANDARD = gnu11;
				GCC_NO_COMMON_BLOCKS = YES;
				GCC_WARN_64_TO_32_BIT_CONVERSION = YES;
				GCC_WARN_ABOUT_RETURN_TYPE = YES_ERROR;
				GCC_WARN_UNDECLARED_SELECTOR = YES;
				GCC_WARN_UNINITIALIZED_AUTOS = YES_AGGRESSIVE;
				GCC_WARN_UNUSED_FUNCTION = YES;
				GCC_WARN_UNUSED_VARIABLE = YES;
				IPHONEOS_DEPLOYMENT_TARGET = 13.2;
				MTL_ENABLE_DEBUG_INFO = NO;
				MTL_FAST_MATH = YES;
				SDKROOT = iphoneos;
				SWIFT_COMPILATION_MODE = wholemodule;
				SWIFT_OPTIMIZATION_LEVEL = "-O";
				VALIDATE_PRODUCT = YES;
			};
			name = Release;
		};
		A56A915323D099C300302AEB /* Debug */ = {
			isa = XCBuildConfiguration;
			buildSettings = {
				ASSETCATALOG_COMPILER_APPICON_NAME = AppIcon;
				CODE_SIGN_STYLE = Automatic;
				INFOPLIST_FILE = PitchPerfect/Info.plist;
				LD_RUNPATH_SEARCH_PATHS = (
					"$(inherited)",
					"@executable_path/Frameworks",
				);
				PRODUCT_BUNDLE_IDENTIFIER = com.noorifytech.PitchPerfect;
				PRODUCT_NAME = "$(TARGET_NAME)";
				SWIFT_VERSION = 5.0;
				TARGETED_DEVICE_FAMILY = "1,2";
			};
			name = Debug;
		};
		A56A915423D099C300302AEB /* Release */ = {
			isa = XCBuildConfiguration;
			buildSettings = {
				ASSETCATALOG_COMPILER_APPICON_NAME = AppIcon;
				CODE_SIGN_STYLE = Automatic;
				INFOPLIST_FILE = PitchPerfect/Info.plist;
				LD_RUNPATH_SEARCH_PATHS = (
					"$(inherited)",
					"@executable_path/Frameworks",
				);
				PRODUCT_BUNDLE_IDENTIFIER = com.noorifytech.PitchPerfect;
				PRODUCT_NAME = "$(TARGET_NAME)";
				SWIFT_VERSION = 5.0;
				TARGETED_DEVICE_FAMILY = "1,2";
			};
			name = Release;
		};
		A56A915623D099C300302AEB /* Debug */ = {
			isa = XCBuildConfiguration;
			buildSettings = {
				ALWAYS_EMBED_SWIFT_STANDARD_LIBRARIES = YES;
				BUNDLE_LOADER = "$(TEST_HOST)";
				CODE_SIGN_STYLE = Automatic;
				INFOPLIST_FILE = PitchPerfectTests/Info.plist;
				IPHONEOS_DEPLOYMENT_TARGET = 13.2;
				LD_RUNPATH_SEARCH_PATHS = (
					"$(inherited)",
					"@executable_path/Frameworks",
					"@loader_path/Frameworks",
				);
				PRODUCT_BUNDLE_IDENTIFIER = com.noorifytech.PitchPerfectTests;
				PRODUCT_NAME = "$(TARGET_NAME)";
				SWIFT_VERSION = 5.0;
				TARGETED_DEVICE_FAMILY = "1,2";
				TEST_HOST = "$(BUILT_PRODUCTS_DIR)/PitchPerfect.app/PitchPerfect";
			};
			name = Debug;
		};
		A56A915723D099C300302AEB /* Release */ = {
			isa = XCBuildConfiguration;
			buildSettings = {
				ALWAYS_EMBED_SWIFT_STANDARD_LIBRARIES = YES;
				BUNDLE_LOADER = "$(TEST_HOST)";
				CODE_SIGN_STYLE = Automatic;
				INFOPLIST_FILE = PitchPerfectTests/Info.plist;
				IPHONEOS_DEPLOYMENT_TARGET = 13.2;
				LD_RUNPATH_SEARCH_PATHS = (
					"$(inherited)",
					"@executable_path/Frameworks",
					"@loader_path/Frameworks",
				);
				PRODUCT_BUNDLE_IDENTIFIER = com.noorifytech.PitchPerfectTests;
				PRODUCT_NAME = "$(TARGET_NAME)";
				SWIFT_VERSION = 5.0;
				TARGETED_DEVICE_FAMILY = "1,2";
				TEST_HOST = "$(BUILT_PRODUCTS_DIR)/PitchPerfect.app/PitchPerfect";
			};
			name = Release;
		};
		A56A915923D099C300302AEB /* Debug */ = {
			isa = XCBuildConfiguration;
			buildSettings = {
				ALWAYS_EMBED_SWIFT_STANDARD_LIBRARIES = YES;
				CODE_SIGN_STYLE = Automatic;
				INFOPLIST_FILE = PitchPerfectUITests/Info.plist;
				LD_RUNPATH_SEARCH_PATHS = (
					"$(inherited)",
					"@executable_path/Frameworks",
					"@loader_path/Frameworks",
				);
				PRODUCT_BUNDLE_IDENTIFIER = com.noorifytech.PitchPerfectUITests;
				PRODUCT_NAME = "$(TARGET_NAME)";
				SWIFT_VERSION = 5.0;
				TARGETED_DEVICE_FAMILY = "1,2";
				TEST_TARGET_NAME = PitchPerfect;
			};
			name = Debug;
		};
		A56A915A23D099C300302AEB /* Release */ = {
			isa = XCBuildConfiguration;
			buildSettings = {
				ALWAYS_EMBED_SWIFT_STANDARD_LIBRARIES = YES;
				CODE_SIGN_STYLE = Automatic;
				INFOPLIST_FILE = PitchPerfectUITests/Info.plist;
				LD_RUNPATH_SEARCH_PATHS = (
					"$(inherited)",
					"@executable_path/Frameworks",
					"@loader_path/Frameworks",
				);
				PRODUCT_BUNDLE_IDENTIFIER = com.noorifytech.PitchPerfectUITests;
				PRODUCT_NAME = "$(TARGET_NAME)";
				SWIFT_VERSION = 5.0;
				TARGETED_DEVICE_FAMILY = "1,2";
				TEST_TARGET_NAME = PitchPerfect;
			};
			name = Release;
		};
/* End XCBuildConfiguration section */

/* Begin XCConfigurationList section */
		A56A912323D099C100302AEB /* Build configuration list for PBXProject "PitchPerfect" */ = {
			isa = XCConfigurationList;
			buildConfigurations = (
				A56A915023D099C300302AEB /* Debug */,
				A56A915123D099C300302AEB /* Release */,
			);
			defaultConfigurationIsVisible = 0;
			defaultConfigurationName = Release;
		};
		A56A915223D099C300302AEB /* Build configuration list for PBXNativeTarget "PitchPerfect" */ = {
			isa = XCConfigurationList;
			buildConfigurations = (
				A56A915323D099C300302AEB /* Debug */,
				A56A915423D099C300302AEB /* Release */,
			);
			defaultConfigurationIsVisible = 0;
			defaultConfigurationName = Release;
		};
		A56A915523D099C300302AEB /* Build configuration list for PBXNativeTarget "PitchPerfectTests" */ = {
			isa = XCConfigurationList;
			buildConfigurations = (
				A56A915623D099C300302AEB /* Debug */,
				A56A915723D099C300302AEB /* Release */,
			);
			defaultConfigurationIsVisible = 0;
			defaultConfigurationName = Release;
		};
		A56A915823D099C300302AEB /* Build configuration list for PBXNativeTarget "PitchPerfectUITests" */ = {
			isa = XCConfigurationList;
			buildConfigurations = (
				A56A915923D099C300302AEB /* Debug */,
				A56A915A23D099C300302AEB /* Release */,
			);
			defaultConfigurationIsVisible = 0;
			defaultConfigurationName = Release;
		};
/* End XCConfigurationList section */
	};
	rootObject = A56A912023D099C100302AEB /* Project object */;
}
